
Microsoft Visual Studio Solution File, Format Version 12.00
# Visual Studio Version 16
VisualStudioVersion = 16.0.30621.155
MinimumVisualStudioVersion = 10.0.40219.1
Project("{8BC9CEB8-8B4A-11D0-8D11-00A0C91BC942}") = "lab_5.2", "lab_5.2\lab_5.2.vcxproj", "{44B7F309-1C9A-4741-B02A-5EB3C2B57AFE}"
EndProject
Global
	GlobalSection(SolutionConfigurationPlatforms) = preSolution
		Debug|x64 = Debug|x64
		Debug|x86 = Debug|x86
		Release|x64 = Release|x64
		Release|x86 = Release|x86
	EndGlobalSection
	GlobalSection(ProjectConfigurationPlatforms) = postSolution
		{44B7F309-1C9A-4741-B02A-5EB3C2B57AFE}.Debug|x64.ActiveCfg = Debug|x64
		{44B7F309-1C9A-4741-B02A-5EB3C2B57AFE}.Debug|x64.Build.0 = Debug|x64
		{44B7F309-1C9A-4741-B02A-5EB3C2B57AFE}.Debug|x86.ActiveCfg = Debug|Win32
		{44B7F309-1C9A-4741-B02A-5EB3C2B57AFE}.Debug|x86.Build.0 = Debug|Win32
		{44B7F309-1C9A-4741-B02A-5EB3C2B57AFE}.Release|x64.ActiveCfg = Release|x64
		{44B7F309-1C9A-4741-B02A-5EB3C2B57AFE}.Release|x64.Build.0 = Release|x64
		{44B7F309-1C9A-4741-B02A-5EB3C2B57AFE}.Release|x86.ActiveCfg = Release|Win32
		{44B7F309-1C9A-4741-B02A-5EB3C2B57AFE}.Release|x86.Build.0 = Release|Win32
	EndGlobalSection
	GlobalSection(SolutionProperties) = preSolution
		HideSolutionNode = FALSE
	EndGlobalSection
	GlobalSection(ExtensibilityGlobals) = postSolution
		SolutionGuid = {EEF1EBBE-228E-480E-876F-CF170E37D006}
	EndGlobalSection
EndGlobal
